
Microsoft Visual Studio Solution File, Format Version 12.00
# Visual Studio Version 16
VisualStudioVersion = 16.0.31424.327
MinimumVisualStudioVersion = 10.0.40219.1
Project("{FAE04EC0-301F-11D3-BF4B-00C04F79EFBC}") = "EquiposNBA", "EquiposNBA\EquiposNBA.csproj", "{C795A704-920E-45CF-86E3-1F35CF14590A}"
EndProject
Global
	GlobalSection(SolutionConfigurationPlatforms) = preSolution
		Debug|Any CPU = Debug|Any CPU
		Release|Any CPU = Release|Any CPU
	EndGlobalSection
	GlobalSection(ProjectConfigurationPlatforms) = postSolution
		{C795A704-920E-45CF-86E3-1F35CF14590A}.Debug|Any CPU.ActiveCfg = Debug|Any CPU
		{C795A704-920E-45CF-86E3-1F35CF14590A}.Debug|Any CPU.Build.0 = Debug|Any CPU
		{C795A704-920E-45CF-86E3-1F35CF14590A}.Release|Any CPU.ActiveCfg = Release|Any CPU
		{C795A704-920E-45CF-86E3-1F35CF14590A}.Release|Any CPU.Build.0 = Release|Any CPU
	EndGlobalSection
	GlobalSection(SolutionProperties) = preSolution
		HideSolutionNode = FALSE
	EndGlobalSection
	GlobalSection(ExtensibilityGlobals) = postSolution
		SolutionGuid = {5C122952-3E5E-4835-B573-B032263D045F}
	EndGlobalSection
EndGlobal
